// !$*UTF8*$!
{
	archiveVersion = 1;
	classes = {
	};
	objectVersion = 46;
	objects = {

/* Begin PBXBuildFile section */
		0E041AA61EF9BCBE00F0AFB2 /* AppDelegate.swift in Sources */ = {isa = PBXBuildFile; fileRef = 0E041AA51EF9BCBE00F0AFB2 /* AppDelegate.swift */; };
		0E041AA81EF9BCBE00F0AFB2 /* ViewController.swift in Sources */ = {isa = PBXBuildFile; fileRef = 0E041AA71EF9BCBE00F0AFB2 /* ViewController.swift */; };
		0E041AAB1EF9BCBE00F0AFB2 /* Main.storyboard in Resources */ = {isa = PBXBuildFile; fileRef = 0E041AA91EF9BCBE00F0AFB2 /* Main.storyboard */; };
		0E041AAD1EF9BCBE00F0AFB2 /* Assets.xcassets in Resources */ = {isa = PBXBuildFile; fileRef = 0E041AAC1EF9BCBE00F0AFB2 /* Assets.xcassets */; };
		0E041AB01EF9BCBE00F0AFB2 /* LaunchScreen.storyboard in Resources */ = {isa = PBXBuildFile; fileRef = 0E041AAE1EF9BCBE00F0AFB2 /* LaunchScreen.storyboard */; };
		0E041ABB1EF9BCBE00F0AFB2 /* TipsyTests.swift in Sources */ = {isa = PBXBuildFile; fileRef = 0E041ABA1EF9BCBE00F0AFB2 /* TipsyTests.swift */; };
		0E041AC61EF9BCBE00F0AFB2 /* TipsyUITests.swift in Sources */ = {isa = PBXBuildFile; fileRef = 0E041AC51EF9BCBE00F0AFB2 /* TipsyUITests.swift */; };
		0E041AD41EF9E0C400F0AFB2 /* SettingsViewController.swift in Sources */ = {isa = PBXBuildFile; fileRef = 0E041AD31EF9E0C400F0AFB2 /* SettingsViewController.swift */; };
/* End PBXBuildFile section */

/* Begin PBXContainerItemProxy section */
		0E041AB71EF9BCBE00F0AFB2 /* PBXContainerItemProxy */ = {
			isa = PBXContainerItemProxy;
			containerPortal = 0E041A9A1EF9BCBE00F0AFB2 /* Project object */;
			proxyType = 1;
			remoteGlobalIDString = 0E041AA11EF9BCBE00F0AFB2;
			remoteInfo = Tipsy;
		};
		0E041AC21EF9BCBE00F0AFB2 /* PBXContainerItemProxy */ = {
			isa = PBXContainerItemProxy;
			containerPortal = 0E041A9A1EF9BCBE00F0AFB2 /* Project object */;
			proxyType = 1;
			remoteGlobalIDString = 0E041AA11EF9BCBE00F0AFB2;
			remoteInfo = Tipsy;
		};
/* End PBXContainerItemProxy section */

/* Begin PBXFileReference section */
		0E041AA21EF9BCBE00F0AFB2 /* Tipsy.app */ = {isa = PBXFileReference; explicitFileType = wrapper.application; includeInIndex = 0; path = Tipsy.app; sourceTree = BUILT_PRODUCTS_DIR; };
		0E041AA51EF9BCBE00F0AFB2 /* AppDelegate.swift */ = {isa = PBXFileReference; lastKnownFileType = sourcecode.swift; path = AppDelegate.swift; sourceTree = "<group>"; };
		0E041AA71EF9BCBE00F0AFB2 /* ViewController.swift */ = {isa = PBXFileReference; lastKnownFileType = sourcecode.swift; path = ViewController.swift; sourceTree = "<group>"; };
		0E041AAA1EF9BCBE00F0AFB2 /* Base */ = {isa = PBXFileReference; lastKnownFileType = file.storyboard; name = Base; path = Base.lproj/Main.storyboard; sourceTree = "<group>"; };
		0E041AAC1EF9BCBE00F0AFB2 /* Assets.xcassets */ = {isa = PBXFileReference; lastKnownFileType = folder.assetcatalog; path = Assets.xcassets; sourceTree = "<group>"; };
		0E041AAF1EF9BCBE00F0AFB2 /* Base */ = {isa = PBXFileReference; lastKnownFileType = file.storyboard; name = Base; path = Base.lproj/LaunchScreen.storyboard; sourceTree = "<group>"; };
		0E041AB11EF9BCBE00F0AFB2 /* Info.plist */ = {isa = PBXFileReference; lastKnownFileType = text.plist.xml; path = Info.plist; sourceTree = "<group>"; };
		0E041AB61EF9BCBE00F0AFB2 /* TipsyTests.xctest */ = {isa = PBXFileReference; explicitFileType = wrapper.cfbundle; includeInIndex = 0; path = TipsyTests.xctest; sourceTree = BUILT_PRODUCTS_DIR; };
		0E041ABA1EF9BCBE00F0AFB2 /* TipsyTests.swift */ = {isa = PBXFileReference; lastKnownFileType = sourcecode.swift; path = TipsyTests.swift; sourceTree = "<group>"; };
		0E041ABC1EF9BCBE00F0AFB2 /* Info.plist */ = {isa = PBXFileReference; lastKnownFileType = text.plist.xml; path = Info.plist; sourceTree = "<group>"; };
		0E041AC11EF9BCBE00F0AFB2 /* TipsyUITests.xctest */ = {isa = PBXFileReference; explicitFileType = wrapper.cfbundle; includeInIndex = 0; path = TipsyUITests.xctest; sourceTree = BUILT_PRODUCTS_DIR; };
		0E041AC51EF9BCBE00F0AFB2 /* TipsyUITests.swift */ = {isa = PBXFileReference; lastKnownFileType = sourcecode.swift; path = TipsyUITests.swift; sourceTree = "<group>"; };
		0E041AC71EF9BCBE00F0AFB2 /* Info.plist */ = {isa = PBXFileReference; lastKnownFileType = text.plist.xml; path = Info.plist; sourceTree = "<group>"; };
		0E041AD31EF9E0C400F0AFB2 /* SettingsViewController.swift */ = {isa = PBXFileReference; fileEncoding = 4; lastKnownFileType = sourcecode.swift; name = SettingsViewController.swift; path = ../SettingsViewController.swift; sourceTree = "<group>"; };
/* End PBXFileReference section */

/* Begin PBXFrameworksBuildPhase section */
		0E041A9F1EF9BCBE00F0AFB2 /* Frameworks */ = {
			isa = PBXFrameworksBuildPhase;
			buildActionMask = 2147483647;
			files = (
			);
			runOnlyForDeploymentPostprocessing = 0;
		};
		0E041AB31EF9BCBE00F0AFB2 /* Frameworks */ = {
			isa = PBXFrameworksBuildPhase;
			buildActionMask = 2147483647;
			files = (
			);
			runOnlyForDeploymentPostprocessing = 0;
		};
		0E041ABE1EF9BCBE00F0AFB2 /* Frameworks */ = {
			isa = PBXFrameworksBuildPhase;
			buildActionMask = 2147483647;
			files = (
			);
			runOnlyForDeploymentPostprocessing = 0;
		};
/* End PBXFrameworksBuildPhase section */

/* Begin PBXGroup section */
		0E041A991EF9BCBE00F0AFB2 = {
			isa = PBXGroup;
			children = (
				0E041AA41EF9BCBE00F0AFB2 /* Tipsy */,
				0E041AB91EF9BCBE00F0AFB2 /* TipsyTests */,
				0E041AC41EF9BCBE00F0AFB2 /* TipsyUITests */,
				0E041AA31EF9BCBE00F0AFB2 /* Products */,
			);
			sourceTree = "<group>";
		};
		0E041AA31EF9BCBE00F0AFB2 /* Products */ = {
			isa = PBXGroup;
			children = (
				0E041AA21EF9BCBE00F0AFB2 /* Tipsy.app */,
				0E041AB61EF9BCBE00F0AFB2 /* TipsyTests.xctest */,
				0E041AC11EF9BCBE00F0AFB2 /* TipsyUITests.xctest */,
			);
			name = Products;
			sourceTree = "<group>";
		};
		0E041AA41EF9BCBE00F0AFB2 /* Tipsy */ = {
			isa = PBXGroup;
			children = (
				0E041AD31EF9E0C400F0AFB2 /* SettingsViewController.swift */,
				0E041AA51EF9BCBE00F0AFB2 /* AppDelegate.swift */,
				0E041AA71EF9BCBE00F0AFB2 /* ViewController.swift */,
				0E041AA91EF9BCBE00F0AFB2 /* Main.storyboard */,
				0E041AAC1EF9BCBE00F0AFB2 /* Assets.xcassets */,
				0E041AAE1EF9BCBE00F0AFB2 /* LaunchScreen.storyboard */,
				0E041AB11EF9BCBE00F0AFB2 /* Info.plist */,
			);
			path = Tipsy;
			sourceTree = "<group>";
		};
		0E041AB91EF9BCBE00F0AFB2 /* TipsyTests */ = {
			isa = PBXGroup;
			children = (
				0E041ABA1EF9BCBE00F0AFB2 /* TipsyTests.swift */,
				0E041ABC1EF9BCBE00F0AFB2 /* Info.plist */,
			);
			path = TipsyTests;
			sourceTree = "<group>";
		};
		0E041AC41EF9BCBE00F0AFB2 /* TipsyUITests */ = {
			isa = PBXGroup;
			children = (
				0E041AC51EF9BCBE00F0AFB2 /* TipsyUITests.swift */,
				0E041AC71EF9BCBE00F0AFB2 /* Info.plist */,
			);
			path = TipsyUITests;
			sourceTree = "<group>";
		};
/* End PBXGroup section */

/* Begin PBXNativeTarget section */
		0E041AA11EF9BCBE00F0AFB2 /* Tipsy */ = {
			isa = PBXNativeTarget;
			buildConfigurationList = 0E041ACA1EF9BCBE00F0AFB2 /* Build configuration list for PBXNativeTarget "Tipsy" */;
			buildPhases = (
				0E041A9E1EF9BCBE00F0AFB2 /* Sources */,
				0E041A9F1EF9BCBE00F0AFB2 /* Frameworks */,
				0E041AA01EF9BCBE00F0AFB2 /* Resources */,
			);
			buildRules = (
			);
			dependencies = (
			);
			name = Tipsy;
			productName = Tipsy;
			productReference = 0E041AA21EF9BCBE00F0AFB2 /* Tipsy.app */;
			productType = "com.apple.product-type.application";
		};
		0E041AB51EF9BCBE00F0AFB2 /* TipsyTests */ = {
			isa = PBXNativeTarget;
			buildConfigurationList = 0E041ACD1EF9BCBE00F0AFB2 /* Build configuration list for PBXNativeTarget "TipsyTests" */;
			buildPhases = (
				0E041AB21EF9BCBE00F0AFB2 /* Sources */,
				0E041AB31EF9BCBE00F0AFB2 /* Frameworks */,
				0E041AB41EF9BCBE00F0AFB2 /* Resources */,
			);
			buildRules = (
			);
			dependencies = (
				0E041AB81EF9BCBE00F0AFB2 /* PBXTargetDependency */,
			);
			name = TipsyTests;
			productName = TipsyTests;
			productReference = 0E041AB61EF9BCBE00F0AFB2 /* TipsyTests.xctest */;
			productType = "com.apple.product-type.bundle.unit-test";
		};
		0E041AC01EF9BCBE00F0AFB2 /* TipsyUITests */ = {
			isa = PBXNativeTarget;
			buildConfigurationList = 0E041AD01EF9BCBE00F0AFB2 /* Build configuration list for PBXNativeTarget "TipsyUITests" */;
			buildPhases = (
				0E041ABD1EF9BCBE00F0AFB2 /* Sources */,
				0E041ABE1EF9BCBE00F0AFB2 /* Frameworks */,
				0E041ABF1EF9BCBE00F0AFB2 /* Resources */,
			);
			buildRules = (
			);
			dependencies = (
				0E041AC31EF9BCBE00F0AFB2 /* PBXTargetDependency */,
			);
			name = TipsyUITests;
			productName = TipsyUITests;
			productReference = 0E041AC11EF9BCBE00F0AFB2 /* TipsyUITests.xctest */;
			productType = "com.apple.product-type.bundle.ui-testing";
		};
/* End PBXNativeTarget section */

/* Begin PBXProject section */
		0E041A9A1EF9BCBE00F0AFB2 /* Project object */ = {
			isa = PBXProject;
			attributes = {
				LastSwiftUpdateCheck = 0830;
				LastUpgradeCheck = 0830;
				ORGANIZATIONNAME = "Maxine Kwan";
				TargetAttributes = {
					0E041AA11EF9BCBE00F0AFB2 = {
						CreatedOnToolsVersion = 8.3.2;
						ProvisioningStyle = Automatic;
					};
					0E041AB51EF9BCBE00F0AFB2 = {
						CreatedOnToolsVersion = 8.3.2;
						ProvisioningStyle = Automatic;
						TestTargetID = 0E041AA11EF9BCBE00F0AFB2;
					};
					0E041AC01EF9BCBE00F0AFB2 = {
						CreatedOnToolsVersion = 8.3.2;
						ProvisioningStyle = Automatic;
						TestTargetID = 0E041AA11EF9BCBE00F0AFB2;
					};
				};
			};
			buildConfigurationList = 0E041A9D1EF9BCBE00F0AFB2 /* Build configuration list for PBXProject "Tipsy" */;
			compatibilityVersion = "Xcode 3.2";
			developmentRegion = English;
			hasScannedForEncodings = 0;
			knownRegions = (
				en,
				Base,
			);
			mainGroup = 0E041A991EF9BCBE00F0AFB2;
			productRefGroup = 0E041AA31EF9BCBE00F0AFB2 /* Products */;
			projectDirPath = "";
			projectRoot = "";
			targets = (
				0E041AA11EF9BCBE00F0AFB2 /* Tipsy */,
				0E041AB51EF9BCBE00F0AFB2 /* TipsyTests */,
				0E041AC01EF9BCBE00F0AFB2 /* TipsyUITests */,
			);
		};
/* End PBXProject section */

/* Begin PBXResourcesBuildPhase section */
		0E041AA01EF9BCBE00F0AFB2 /* Resources */ = {
			isa = PBXResourcesBuildPhase;
			buildActionMask = 2147483647;
			files = (
				0E041AB01EF9BCBE00F0AFB2 /* LaunchScreen.storyboard in Resources */,
				0E041AAD1EF9BCBE00F0AFB2 /* Assets.xcassets in Resources */,
				0E041AAB1EF9BCBE00F0AFB2 /* Main.storyboard in Resources */,
			);
			runOnlyForDeploymentPostprocessing = 0;
		};
		0E041AB41EF9BCBE00F0AFB2 /* Resources */ = {
			isa = PBXResourcesBuildPhase;
			buildActionMask = 2147483647;
			files = (
			);
			runOnlyForDeploymentPostprocessing = 0;
		};
		0E041ABF1EF9BCBE00F0AFB2 /* Resources */ = {
			isa = PBXResourcesBuildPhase;
			buildActionMask = 2147483647;
			files = (
			);
			runOnlyForDeploymentPostprocessing = 0;
		};
/* End PBXResourcesBuildPhase section */

/* Begin PBXSourcesBuildPhase section */
		0E041A9E1EF9BCBE00F0AFB2 /* Sources */ = {
			isa = PBXSourcesBuildPhase;
			buildActionMask = 2147483647;
			files = (
				0E041AA81EF9BCBE00F0AFB2 /* ViewController.swift in Sources */,
				0E041AA61EF9BCBE00F0AFB2 /* AppDelegate.swift in Sources */,
				0E041AD41EF9E0C400F0AFB2 /* SettingsViewController.swift in Sources */,
			);
			runOnlyForDeploymentPostprocessing = 0;
		};
		0E041AB21EF9BCBE00F0AFB2 /* Sources */ = {
			isa = PBXSourcesBuildPhase;
			buildActionMask = 2147483647;
			files = (
				0E041ABB1EF9BCBE00F0AFB2 /* TipsyTests.swift in Sources */,
			);
			runOnlyForDeploymentPostprocessing = 0;
		};
		0E041ABD1EF9BCBE00F0AFB2 /* Sources */ = {
			isa = PBXSourcesBuildPhase;
			buildActionMask = 2147483647;
			files = (
				0E041AC61EF9BCBE00F0AFB2 /* TipsyUITests.swift in Sources */,
			);
			runOnlyForDeploymentPostprocessing = 0;
		};
/* End PBXSourcesBuildPhase section */

/* Begin PBXTargetDependency section */
		0E041AB81EF9BCBE00F0AFB2 /* PBXTargetDependency */ = {
			isa = PBXTargetDependency;
			target = 0E041AA11EF9BCBE00F0AFB2 /* Tipsy */;
			targetProxy = 0E041AB71EF9BCBE00F0AFB2 /* PBXContainerItemProxy */;
		};
		0E041AC31EF9BCBE00F0AFB2 /* PBXTargetDependency */ = {
			isa = PBXTargetDependency;
			target = 0E041AA11EF9BCBE00F0AFB2 /* Tipsy */;
			targetProxy = 0E041AC21EF9BCBE00F0AFB2 /* PBXContainerItemProxy */;
		};
/* End PBXTargetDependency section */

/* Begin PBXVariantGroup section */
		0E041AA91EF9BCBE00F0AFB2 /* Main.storyboard */ = {
			isa = PBXVariantGroup;
			children = (
				0E041AAA1EF9BCBE00F0AFB2 /* Base */,
			);
			name = Main.storyboard;
			sourceTree = "<group>";
		};
		0E041AAE1EF9BCBE00F0AFB2 /* LaunchScreen.storyboard */ = {
			isa = PBXVariantGroup;
			children = (
				0E041AAF1EF9BCBE00F0AFB2 /* Base */,
			);
			name = LaunchScreen.storyboard;
			sourceTree = "<group>";
		};
/* End PBXVariantGroup section */

/* Begin XCBuildConfiguration section */
		0E041AC81EF9BCBE00F0AFB2 /* Debug */ = {
			isa = XCBuildConfiguration;
			buildSettings = {
				ALWAYS_SEARCH_USER_PATHS = NO;
				CLANG_ANALYZER_NONNULL = YES;
				CLANG_ANALYZER_NUMBER_OBJECT_CONVERSION = YES_AGGRESSIVE;
				CLANG_CXX_LANGUAGE_STANDARD = "gnu++0x";
				CLANG_CXX_LIBRARY = "libc++";
				CLANG_ENABLE_MODULES = YES;
				CLANG_ENABLE_OBJC_ARC = YES;
				CLANG_WARN_BOOL_CONVERSION = YES;
				CLANG_WARN_CONSTANT_CONVERSION = YES;
				CLANG_WARN_DIRECT_OBJC_ISA_USAGE = YES_ERROR;
				CLANG_WARN_DOCUMENTATION_COMMENTS = YES;
				CLANG_WARN_EMPTY_BODY = YES;
				CLANG_WARN_ENUM_CONVERSION = YES;
				CLANG_WARN_INFINITE_RECURSION = YES;
				CLANG_WARN_INT_CONVERSION = YES;
				CLANG_WARN_OBJC_ROOT_CLASS = YES_ERROR;
				CLANG_WARN_SUSPICIOUS_MOVE = YES;
				CLANG_WARN_UNREACHABLE_CODE = YES;
				CLANG_WARN__DUPLICATE_METHOD_MATCH = YES;
				"CODE_SIGN_IDENTITY[sdk=iphoneos*]" = "iPhone Developer";
				COPY_PHASE_STRIP = NO;
				DEBUG_INFORMATION_FORMAT = dwarf;
				ENABLE_STRICT_OBJC_MSGSEND = YES;
				ENABLE_TESTABILITY = YES;
				GCC_C_LANGUAGE_STANDARD = gnu99;
				GCC_DYNAMIC_NO_PIC = NO;
				GCC_NO_COMMON_BLOCKS = YES;
				GCC_OPTIMIZATION_LEVEL = 0;
				GCC_PREPROCESSOR_DEFINITIONS = (
					"DEBUG=1",
					"$(inherited)",
				);
				GCC_WARN_64_TO_32_BIT_CONVERSION = YES;
				GCC_WARN_ABOUT_RETURN_TYPE = YES_ERROR;
				GCC_WARN_UNDECLARED_SELECTOR = YES;
				GCC_WARN_UNINITIALIZED_AUTOS = YES_AGGRESSIVE;
				GCC_WARN_UNUSED_FUNCTION = YES;
				GCC_WARN_UNUSED_VARIABLE = YES;
				IPHONEOS_DEPLOYMENT_TARGET = 10.3;
				MTL_ENABLE_DEBUG_INFO = YES;
				ONLY_ACTIVE_ARCH = YES;
				SDKROOT = iphoneos;
				SWIFT_ACTIVE_COMPILATION_CONDITIONS = DEBUG;
				SWIFT_OPTIMIZATION_LEVEL = "-Onone";
			};
			name = Debug;
		};
		0E041AC91EF9BCBE00F0AFB2 /* Release */ = {
			isa = XCBuildConfiguration;
			buildSettings = {
				ALWAYS_SEARCH_USER_PATHS = NO;
				CLANG_ANALYZER_NONNULL = YES;
				CLANG_ANALYZER_NUMBER_OBJECT_CONVERSION = YES_AGGRESSIVE;
				CLANG_CXX_LANGUAGE_STANDARD = "gnu++0x";
				CLANG_CXX_LIBRARY = "libc++";
				CLANG_ENABLE_MODULES = YES;
				CLANG_ENABLE_OBJC_ARC = YES;
				CLANG_WARN_BOOL_CONVERSION = YES;
				CLANG_WARN_CONSTANT_CONVERSION = YES;
				CLANG_WARN_DIRECT_OBJC_ISA_USAGE = YES_ERROR;
				CLANG_WARN_DOCUMENTATION_COMMENTS = YES;
				CLANG_WARN_EMPTY_BODY = YES;
				CLANG_WARN_ENUM_CONVERSION = YES;
				CLANG_WARN_INFINITE_RECURSION = YES;
				CLANG_WARN_INT_CONVERSION = YES;
				CLANG_WARN_OBJC_ROOT_CLASS = YES_ERROR;
				CLANG_WARN_SUSPICIOUS_MOVE = YES;
				CLANG_WARN_UNREACHABLE_CODE = YES;
				CLANG_WARN__DUPLICATE_METHOD_MATCH = YES;
				"CODE_SIGN_IDENTITY[sdk=iphoneos*]" = "iPhone Developer";
				COPY_PHASE_STRIP = NO;
				DEBUG_INFORMATION_FORMAT = "dwarf-with-dsym";
				ENABLE_NS_ASSERTIONS = NO;
				ENABLE_STRICT_OBJC_MSGSEND = YES;
				GCC_C_LANGUAGE_STANDARD = gnu99;
				GCC_NO_COMMON_BLOCKS = YES;
				GCC_WARN_64_TO_32_BIT_CONVERSION = YES;
				GCC_WARN_ABOUT_RETURN_TYPE = YES_ERROR;
				GCC_WARN_UNDECLARED_SELECTOR = YES;
				GCC_WARN_UNINITIALIZED_AUTOS = YES_AGGRESSIVE;
				GCC_WARN_UNUSED_FUNCTION = YES;
				GCC_WARN_UNUSED_VARIABLE = YES;
				IPHONEOS_DEPLOYMENT_TARGET = 10.3;
				MTL_ENABLE_DEBUG_INFO = NO;
				SDKROOT = iphoneos;
				SWIFT_OPTIMIZATION_LEVEL = "-Owholemodule";
				VALIDATE_PRODUCT = YES;
			};
			name = Release;
		};
		0E041ACB1EF9BCBE00F0AFB2 /* Debug */ = {
			isa = XCBuildConfiguration;
			buildSettings = {
				ASSETCATALOG_COMPILER_APPICON_NAME = AppIcon;
				INFOPLIST_FILE = Tipsy/Info.plist;
				LD_RUNPATH_SEARCH_PATHS = "$(inherited) @executable_path/Frameworks";
				PRODUCT_BUNDLE_IDENTIFIER = com.maxine.Tipsy;
				PRODUCT_NAME = "$(TARGET_NAME)";
				SWIFT_VERSION = 3.0;
			};
			name = Debug;
		};
		0E041ACC1EF9BCBE00F0AFB2 /* Release */ = {
			isa = XCBuildConfiguration;
			buildSettings = {
				ASSETCATALOG_COMPILER_APPICON_NAME = AppIcon;
				INFOPLIST_FILE = Tipsy/Info.plist;
				LD_RUNPATH_SEARCH_PATHS = "$(inherited) @executable_path/Frameworks";
				PRODUCT_BUNDLE_IDENTIFIER = com.maxine.Tipsy;
				PRODUCT_NAME = "$(TARGET_NAME)";
				SWIFT_VERSION = 3.0;
			};
			name = Release;
		};
		0E041ACE1EF9BCBE00F0AFB2 /* Debug */ = {
			isa = XCBuildConfiguration;
			buildSettings = {
				ALWAYS_EMBED_SWIFT_STANDARD_LIBRARIES = YES;
				BUNDLE_LOADER = "$(TEST_HOST)";
				INFOPLIST_FILE = TipsyTests/Info.plist;
				LD_RUNPATH_SEARCH_PATHS = "$(inherited) @executable_path/Frameworks @loader_path/Frameworks";
				PRODUCT_BUNDLE_IDENTIFIER = com.maxine.TipsyTests;
				PRODUCT_NAME = "$(TARGET_NAME)";
				SWIFT_VERSION = 3.0;
				TEST_HOST = "$(BUILT_PRODUCTS_DIR)/Tipsy.app/Tipsy";
			};
			name = Debug;
		};
		0E041ACF1EF9BCBE00F0AFB2 /* Release */ = {
			isa = XCBuildConfiguration;
			buildSettings = {
				ALWAYS_EMBED_SWIFT_STANDARD_LIBRARIES = YES;
				BUNDLE_LOADER = "$(TEST_HOST)";
				INFOPLIST_FILE = TipsyTests/Info.plist;
				LD_RUNPATH_SEARCH_PATHS = "$(inherited) @executable_path/Frameworks @loader_path/Frameworks";
				PRODUCT_BUNDLE_IDENTIFIER = com.maxine.TipsyTests;
				PRODUCT_NAME = "$(TARGET_NAME)";
				SWIFT_VERSION = 3.0;
				TEST_HOST = "$(BUILT_PRODUCTS_DIR)/Tipsy.app/Tipsy";
			};
			name = Release;
		};
		0E041AD11EF9BCBE00F0AFB2 /* Debug */ = {
			isa = XCBuildConfiguration;
			buildSettings = {
				ALWAYS_EMBED_SWIFT_STANDARD_LIBRARIES = YES;
				INFOPLIST_FILE = TipsyUITests/Info.plist;
				LD_RUNPATH_SEARCH_PATHS = "$(inherited) @executable_path/Frameworks @loader_path/Frameworks";
				PRODUCT_BUNDLE_IDENTIFIER = com.maxine.TipsyUITests;
				PRODUCT_NAME = "$(TARGET_NAME)";
				SWIFT_VERSION = 3.0;
				TEST_TARGET_NAME = Tipsy;
			};
			name = Debug;
		};
		0E041AD21EF9BCBE00F0AFB2 /* Release */ = {
			isa = XCBuildConfiguration;
			buildSettings = {
				ALWAYS_EMBED_SWIFT_STANDARD_LIBRARIES = YES;
				INFOPLIST_FILE = TipsyUITests/Info.plist;
				LD_RUNPATH_SEARCH_PATHS = "$(inherited) @executable_path/Frameworks @loader_path/Frameworks";
				PRODUCT_BUNDLE_IDENTIFIER = com.maxine.TipsyUITests;
				PRODUCT_NAME = "$(TARGET_NAME)";
				SWIFT_VERSION = 3.0;
				TEST_TARGET_NAME = Tipsy;
			};
			name = Release;
		};
/* End XCBuildConfiguration section */

/* Begin XCConfigurationList section */
		0E041A9D1EF9BCBE00F0AFB2 /* Build configuration list for PBXProject "Tipsy" */ = {
			isa = XCConfigurationList;
			buildConfigurations = (
				0E041AC81EF9BCBE00F0AFB2 /* Debug */,
				0E041AC91EF9BCBE00F0AFB2 /* Release */,
			);
			defaultConfigurationIsVisible = 0;
			defaultConfigurationName = Release;
		};
		0E041ACA1EF9BCBE00F0AFB2 /* Build configuration list for PBXNativeTarget "Tipsy" */ = {
			isa = XCConfigurationList;
			buildConfigurations = (
				0E041ACB1EF9BCBE00F0AFB2 /* Debug */,
				0E041ACC1EF9BCBE00F0AFB2 /* Release */,
			);
			defaultConfigurationIsVisible = 0;
		};
		0E041ACD1EF9BCBE00F0AFB2 /* Build configuration list for PBXNativeTarget "TipsyTests" */ = {
			isa = XCConfigurationList;
			buildConfigurations = (
				0E041ACE1EF9BCBE00F0AFB2 /* Debug */,
				0E041ACF1EF9BCBE00F0AFB2 /* Release */,
			);
			defaultConfigurationIsVisible = 0;
		};
		0E041AD01EF9BCBE00F0AFB2 /* Build configuration list for PBXNativeTarget "TipsyUITests" */ = {
			isa = XCConfigurationList;
			buildConfigurations = (
				0E041AD11EF9BCBE00F0AFB2 /* Debug */,
				0E041AD21EF9BCBE00F0AFB2 /* Release */,
			);
			defaultConfigurationIsVisible = 0;
		};
/* End XCConfigurationList section */
	};
	rootObject = 0E041A9A1EF9BCBE00F0AFB2 /* Project object */;
}
